// !$*UTF8*$!
{
	archiveVersion = 1;
	classes = {
	};
	objectVersion = 50;
	objects = {

/* Begin PBXBuildFile section */
		B166E46D20F763D700B373E7 /* AppDelegate.m in Sources */ = {isa = PBXBuildFile; fileRef = B166E46C20F763D700B373E7 /* AppDelegate.m */; };
		B166E47020F763D700B373E7 /* ViewController.m in Sources */ = {isa = PBXBuildFile; fileRef = B166E46F20F763D700B373E7 /* ViewController.m */; };
		B166E47320F763D700B373E7 /* Main.storyboard in Resources */ = {isa = PBXBuildFile; fileRef = B166E47120F763D700B373E7 /* Main.storyboard */; };
		B166E47520F763D900B373E7 /* Assets.xcassets in Resources */ = {isa = PBXBuildFile; fileRef = B166E47420F763D900B373E7 /* Assets.xcassets */; };
		B166E47820F763D900B373E7 /* LaunchScreen.storyboard in Resources */ = {isa = PBXBuildFile; fileRef = B166E47620F763D900B373E7 /* LaunchScreen.storyboard */; };
		B166E47B20F763D900B373E7 /* main.m in Sources */ = {isa = PBXBuildFile; fileRef = B166E47A20F763D900B373E7 /* main.m */; };
		B166E48A20F763F900B373E7 /* Hello.h in Headers */ = {isa = PBXBuildFile; fileRef = B166E48820F763F900B373E7 /* Hello.h */; settings = {ATTRIBUTES = (Public, ); }; };
		B166E48D20F763F900B373E7 /* Hello.framework in Frameworks */ = {isa = PBXBuildFile; fileRef = B166E48620F763F900B373E7 /* Hello.framework */; };
		B166E48E20F763F900B373E7 /* Hello.framework in Embed Frameworks */ = {isa = PBXBuildFile; fileRef = B166E48620F763F900B373E7 /* Hello.framework */; settings = {ATTRIBUTES = (CodeSignOnCopy, RemoveHeadersOnCopy, ); }; };
		B166E49C20F7641200B373E7 /* World.h in Headers */ = {isa = PBXBuildFile; fileRef = B166E49A20F7641200B373E7 /* World.h */; settings = {ATTRIBUTES = (Public, ); }; };
		B166E49F20F7641200B373E7 /* World.framework in Frameworks */ = {isa = PBXBuildFile; fileRef = B166E49820F7641200B373E7 /* World.framework */; };
		B166E4A020F7641200B373E7 /* World.framework in Embed Frameworks */ = {isa = PBXBuildFile; fileRef = B166E49820F7641200B373E7 /* World.framework */; settings = {ATTRIBUTES = (CodeSignOnCopy, RemoveHeadersOnCopy, ); }; };
		B166E4A620F7643100B373E7 /* HelloObjC.h in Headers */ = {isa = PBXBuildFile; fileRef = B166E4A420F7643100B373E7 /* HelloObjC.h */; settings = {ATTRIBUTES = (Public, ); }; };
		B166E4A720F7643100B373E7 /* HelloObjC.m in Sources */ = {isa = PBXBuildFile; fileRef = B166E4A520F7643100B373E7 /* HelloObjC.m */; };
		B166E4AA20F7643D00B373E7 /* WorldObjc.h in Headers */ = {isa = PBXBuildFile; fileRef = B166E4A820F7643D00B373E7 /* WorldObjc.h */; settings = {ATTRIBUTES = (Public, ); }; };
		B166E4AB20F7643D00B373E7 /* WorldObjc.m in Sources */ = {isa = PBXBuildFile; fileRef = B166E4A920F7643D00B373E7 /* WorldObjc.m */; };
		B166E4B520F774C100B373E7 /* ThirdPath.h in Headers */ = {isa = PBXBuildFile; fileRef = B166E4B320F774C100B373E7 /* ThirdPath.h */; settings = {ATTRIBUTES = (Public, ); }; };
		B166E4BF20F775FA00B373E7 /* Box.h in Headers */ = {isa = PBXBuildFile; fileRef = B166E4BD20F775FA00B373E7 /* Box.h */; settings = {ATTRIBUTES = (Public, ); }; };
		B166E4C020F775FA00B373E7 /* Box.m in Sources */ = {isa = PBXBuildFile; fileRef = B166E4BE20F775FA00B373E7 /* Box.m */; };
		B166E4C420F7763300B373E7 /* ThirdPath.framework in Frameworks */ = {isa = PBXBuildFile; fileRef = B166E4B120F774C000B373E7 /* ThirdPath.framework */; };
		B166E4C720F7769600B373E7 /* Box.h in Headers */ = {isa = PBXBuildFile; fileRef = B166E4C520F7769600B373E7 /* Box.h */; };
		B166E4C820F7769600B373E7 /* Box.m in Sources */ = {isa = PBXBuildFile; fileRef = B166E4C620F7769600B373E7 /* Box.m */; };
		B166E4CB20F7787000B373E7 /* BoxTow.h in Headers */ = {isa = PBXBuildFile; fileRef = B166E4C920F7787000B373E7 /* BoxTow.h */; };
		B166E4CC20F7787000B373E7 /* BoxTow.m in Sources */ = {isa = PBXBuildFile; fileRef = B166E4CA20F7787000B373E7 /* BoxTow.m */; };
/* End PBXBuildFile section */

/* Begin PBXContainerItemProxy section */
		B166E48B20F763F900B373E7 /* PBXContainerItemProxy */ = {
			isa = PBXContainerItemProxy;
			containerPortal = B166E46020F763D700B373E7 /* Project object */;
			proxyType = 1;
			remoteGlobalIDString = B166E48520F763F900B373E7;
			remoteInfo = Hello;
		};
		B166E49D20F7641200B373E7 /* PBXContainerItemProxy */ = {
			isa = PBXContainerItemProxy;
			containerPortal = B166E46020F763D700B373E7 /* Project object */;
			proxyType = 1;
			remoteGlobalIDString = B166E49720F7641200B373E7;
			remoteInfo = World;
		};
		B166E4C120F7761100B373E7 /* PBXContainerItemProxy */ = {
			isa = PBXContainerItemProxy;
			containerPortal = B166E46020F763D700B373E7 /* Project object */;
			proxyType = 1;
			remoteGlobalIDString = B166E4B020F774C000B373E7;
			remoteInfo = ThirdPath;
		};
/* End PBXContainerItemProxy section */

/* Begin PBXCopyFilesBuildPhase section */
		B166E49220F763F900B373E7 /* Embed Frameworks */ = {
			isa = PBXCopyFilesBuildPhase;
			buildActionMask = 2147483647;
			dstPath = "";
			dstSubfolderSpec = 10;
			files = (
				B166E48E20F763F900B373E7 /* Hello.framework in Embed Frameworks */,
				B166E4A020F7641200B373E7 /* World.framework in Embed Frameworks */,
			);
			name = "Embed Frameworks";
			runOnlyForDeploymentPostprocessing = 0;
		};
/* End PBXCopyFilesBuildPhase section */

/* Begin PBXFileReference section */
		B166E46820F763D700B373E7 /* bas.app */ = {isa = PBXFileReference; explicitFileType = wrapper.application; includeInIndex = 0; path = bas.app; sourceTree = BUILT_PRODUCTS_DIR; };
		B166E46B20F763D700B373E7 /* AppDelegate.h */ = {isa = PBXFileReference; lastKnownFileType = sourcecode.c.h; path = AppDelegate.h; sourceTree = "<group>"; };
		B166E46C20F763D700B373E7 /* AppDelegate.m */ = {isa = PBXFileReference; lastKnownFileType = sourcecode.c.objc; path = AppDelegate.m; sourceTree = "<group>"; };
		B166E46E20F763D700B373E7 /* ViewController.h */ = {isa = PBXFileReference; lastKnownFileType = sourcecode.c.h; path = ViewController.h; sourceTree = "<group>"; };
		B166E46F20F763D700B373E7 /* ViewController.m */ = {isa = PBXFileReference; lastKnownFileType = sourcecode.c.objc; path = ViewController.m; sourceTree = "<group>"; };
		B166E47220F763D700B373E7 /* Base */ = {isa = PBXFileReference; lastKnownFileType = file.storyboard; name = Base; path = Base.lproj/Main.storyboard; sourceTree = "<group>"; };
		B166E47420F763D900B373E7 /* Assets.xcassets */ = {isa = PBXFileReference; lastKnownFileType = folder.assetcatalog; path = Assets.xcassets; sourceTree = "<group>"; };
		B166E47720F763D900B373E7 /* Base */ = {isa = PBXFileReference; lastKnownFileType = file.storyboard; name = Base; path = Base.lproj/LaunchScreen.storyboard; sourceTree = "<group>"; };
		B166E47920F763D900B373E7 /* Info.plist */ = {isa = PBXFileReference; lastKnownFileType = text.plist.xml; path = Info.plist; sourceTree = "<group>"; };
		B166E47A20F763D900B373E7 /* main.m */ = {isa = PBXFileReference; lastKnownFileType = sourcecode.c.objc; path = main.m; sourceTree = "<group>"; };
		B166E48620F763F900B373E7 /* Hello.framework */ = {isa = PBXFileReference; explicitFileType = wrapper.framework; includeInIndex = 0; path = Hello.framework; sourceTree = BUILT_PRODUCTS_DIR; };
		B166E48820F763F900B373E7 /* Hello.h */ = {isa = PBXFileReference; lastKnownFileType = sourcecode.c.h; path = Hello.h; sourceTree = "<group>"; };
		B166E48920F763F900B373E7 /* Info.plist */ = {isa = PBXFileReference; lastKnownFileType = text.plist.xml; path = Info.plist; sourceTree = "<group>"; };
		B166E49820F7641200B373E7 /* World.framework */ = {isa = PBXFileReference; explicitFileType = wrapper.framework; includeInIndex = 0; path = World.framework; sourceTree = BUILT_PRODUCTS_DIR; };
		B166E49A20F7641200B373E7 /* World.h */ = {isa = PBXFileReference; lastKnownFileType = sourcecode.c.h; path = World.h; sourceTree = "<group>"; };
		B166E49B20F7641200B373E7 /* Info.plist */ = {isa = PBXFileReference; lastKnownFileType = text.plist.xml; path = Info.plist; sourceTree = "<group>"; };
		B166E4A420F7643100B373E7 /* HelloObjC.h */ = {isa = PBXFileReference; lastKnownFileType = sourcecode.c.h; path = HelloObjC.h; sourceTree = "<group>"; };
		B166E4A520F7643100B373E7 /* HelloObjC.m */ = {isa = PBXFileReference; lastKnownFileType = sourcecode.c.objc; path = HelloObjC.m; sourceTree = "<group>"; };
		B166E4A820F7643D00B373E7 /* WorldObjc.h */ = {isa = PBXFileReference; lastKnownFileType = sourcecode.c.h; path = WorldObjc.h; sourceTree = "<group>"; };
		B166E4A920F7643D00B373E7 /* WorldObjc.m */ = {isa = PBXFileReference; lastKnownFileType = sourcecode.c.objc; path = WorldObjc.m; sourceTree = "<group>"; };
		B166E4B120F774C000B373E7 /* ThirdPath.framework */ = {isa = PBXFileReference; explicitFileType = wrapper.framework; includeInIndex = 0; path = ThirdPath.framework; sourceTree = BUILT_PRODUCTS_DIR; };
		B166E4B320F774C100B373E7 /* ThirdPath.h */ = {isa = PBXFileReference; lastKnownFileType = sourcecode.c.h; path = ThirdPath.h; sourceTree = "<group>"; };
		B166E4B420F774C100B373E7 /* Info.plist */ = {isa = PBXFileReference; lastKnownFileType = text.plist.xml; path = Info.plist; sourceTree = "<group>"; };
		B166E4BD20F775FA00B373E7 /* Box.h */ = {isa = PBXFileReference; lastKnownFileType = sourcecode.c.h; path = Box.h; sourceTree = "<group>"; };
		B166E4BE20F775FA00B373E7 /* Box.m */ = {isa = PBXFileReference; lastKnownFileType = sourcecode.c.objc; path = Box.m; sourceTree = "<group>"; };
		B166E4C520F7769600B373E7 /* Box.h */ = {isa = PBXFileReference; lastKnownFileType = sourcecode.c.h; path = Box.h; sourceTree = "<group>"; };
		B166E4C620F7769600B373E7 /* Box.m */ = {isa = PBXFileReference; lastKnownFileType = sourcecode.c.objc; path = Box.m; sourceTree = "<group>"; };
		B166E4C920F7787000B373E7 /* BoxTow.h */ = {isa = PBXFileReference; lastKnownFileType = sourcecode.c.h; path = BoxTow.h; sourceTree = "<group>"; };
		B166E4CA20F7787000B373E7 /* BoxTow.m */ = {isa = PBXFileReference; lastKnownFileType = sourcecode.c.objc; path = BoxTow.m; sourceTree = "<group>"; };
/* End PBXFileReference section */

/* Begin PBXFrameworksBuildPhase section */
		B166E46520F763D700B373E7 /* Frameworks */ = {
			isa = PBXFrameworksBuildPhase;
			buildActionMask = 2147483647;
			files = (
				B166E48D20F763F900B373E7 /* Hello.framework in Frameworks */,
				B166E49F20F7641200B373E7 /* World.framework in Frameworks */,
			);
			runOnlyForDeploymentPostprocessing = 0;
		};
		B166E48320F763F900B373E7 /* Frameworks */ = {
			isa = PBXFrameworksBuildPhase;
			buildActionMask = 2147483647;
			files = (
			);
			runOnlyForDeploymentPostprocessing = 0;
		};
		B166E49520F7641200B373E7 /* Frameworks */ = {
			isa = PBXFrameworksBuildPhase;
			buildActionMask = 2147483647;
			files = (
				B166E4C420F7763300B373E7 /* ThirdPath.framework in Frameworks */,
			);
			runOnlyForDeploymentPostprocessing = 0;
		};
		B166E4AE20F774C000B373E7 /* Frameworks */ = {
			isa = PBXFrameworksBuildPhase;
			buildActionMask = 2147483647;
			files = (
			);
			runOnlyForDeploymentPostprocessing = 0;
		};
/* End PBXFrameworksBuildPhase section */

/* Begin PBXGroup section */
		B166E45F20F763D700B373E7 = {
			isa = PBXGroup;
			children = (
				B166E46A20F763D700B373E7 /* bas */,
				B166E48720F763F900B373E7 /* Hello */,
				B166E49920F7641200B373E7 /* World */,
				B166E4B220F774C100B373E7 /* ThirdPath */,
				B166E46920F763D700B373E7 /* Products */,
				B166E4C320F7763200B373E7 /* Frameworks */,
			);
			sourceTree = "<group>";
		};
		B166E46920F763D700B373E7 /* Products */ = {
			isa = PBXGroup;
			children = (
				B166E46820F763D700B373E7 /* bas.app */,
				B166E48620F763F900B373E7 /* Hello.framework */,
				B166E49820F7641200B373E7 /* World.framework */,
				B166E4B120F774C000B373E7 /* ThirdPath.framework */,
			);
			name = Products;
			sourceTree = "<group>";
		};
		B166E46A20F763D700B373E7 /* bas */ = {
			isa = PBXGroup;
			children = (
				B166E46B20F763D700B373E7 /* AppDelegate.h */,
				B166E46C20F763D700B373E7 /* AppDelegate.m */,
				B166E46E20F763D700B373E7 /* ViewController.h */,
				B166E46F20F763D700B373E7 /* ViewController.m */,
				B166E47120F763D700B373E7 /* Main.storyboard */,
				B166E47420F763D900B373E7 /* Assets.xcassets */,
				B166E47620F763D900B373E7 /* LaunchScreen.storyboard */,
				B166E47920F763D900B373E7 /* Info.plist */,
				B166E47A20F763D900B373E7 /* main.m */,
			);
			path = bas;
			sourceTree = "<group>";
		};
		B166E48720F763F900B373E7 /* Hello */ = {
			isa = PBXGroup;
			children = (
				B166E48820F763F900B373E7 /* Hello.h */,
				B166E4A420F7643100B373E7 /* HelloObjC.h */,
				B166E4A520F7643100B373E7 /* HelloObjC.m */,
				B166E48920F763F900B373E7 /* Info.plist */,
			);
			path = Hello;
			sourceTree = "<group>";
		};
		B166E49920F7641200B373E7 /* World */ = {
			isa = PBXGroup;
			children = (
				B166E49A20F7641200B373E7 /* World.h */,
				B166E4A820F7643D00B373E7 /* WorldObjc.h */,
				B166E4A920F7643D00B373E7 /* WorldObjc.m */,
				B166E4C520F7769600B373E7 /* Box.h */,
				B166E4C620F7769600B373E7 /* Box.m */,
				B166E4C920F7787000B373E7 /* BoxTow.h */,
				B166E4CA20F7787000B373E7 /* BoxTow.m */,
				B166E49B20F7641200B373E7 /* Info.plist */,
			);
			path = World;
			sourceTree = "<group>";
		};
		B166E4B220F774C100B373E7 /* ThirdPath */ = {
			isa = PBXGroup;
			children = (
				B166E4B320F774C100B373E7 /* ThirdPath.h */,
				B166E4BD20F775FA00B373E7 /* Box.h */,
				B166E4BE20F775FA00B373E7 /* Box.m */,
				B166E4B420F774C100B373E7 /* Info.plist */,
			);
			path = ThirdPath;
			sourceTree = "<group>";
		};
		B166E4C320F7763200B373E7 /* Frameworks */ = {
			isa = PBXGroup;
			children = (
			);
			name = Frameworks;
			sourceTree = "<group>";
		};
/* End PBXGroup section */

/* Begin PBXHeadersBuildPhase section */
		B166E48120F763F900B373E7 /* Headers */ = {
			isa = PBXHeadersBuildPhase;
			buildActionMask = 2147483647;
			files = (
				B166E48A20F763F900B373E7 /* Hello.h in Headers */,
				B166E4A620F7643100B373E7 /* HelloObjC.h in Headers */,
			);
			runOnlyForDeploymentPostprocessing = 0;
		};
		B166E49320F7641200B373E7 /* Headers */ = {
			isa = PBXHeadersBuildPhase;
			buildActionMask = 2147483647;
			files = (
				B166E4C720F7769600B373E7 /* Box.h in Headers */,
				B166E4CB20F7787000B373E7 /* BoxTow.h in Headers */,
				B166E49C20F7641200B373E7 /* World.h in Headers */,
				B166E4AA20F7643D00B373E7 /* WorldObjc.h in Headers */,
			);
			runOnlyForDeploymentPostprocessing = 0;
		};
		B166E4AC20F774C000B373E7 /* Headers */ = {
			isa = PBXHeadersBuildPhase;
			buildActionMask = 2147483647;
			files = (
				B166E4BF20F775FA00B373E7 /* Box.h in Headers */,
				B166E4B520F774C100B373E7 /* ThirdPath.h in Headers */,
			);
			runOnlyForDeploymentPostprocessing = 0;
		};
/* End PBXHeadersBuildPhase section */

/* Begin PBXNativeTarget section */
		B166E46720F763D700B373E7 /* bas */ = {
			isa = PBXNativeTarget;
			buildConfigurationList = B166E47E20F763D900B373E7 /* Build configuration list for PBXNativeTarget "bas" */;
			buildPhases = (
				B166E46420F763D700B373E7 /* Sources */,
				B166E46520F763D700B373E7 /* Frameworks */,
				B166E46620F763D700B373E7 /* Resources */,
				B166E49220F763F900B373E7 /* Embed Frameworks */,
			);
			buildRules = (
			);
			dependencies = (
				B166E48C20F763F900B373E7 /* PBXTargetDependency */,
				B166E49E20F7641200B373E7 /* PBXTargetDependency */,
			);
			name = bas;
			productName = bas;
			productReference = B166E46820F763D700B373E7 /* bas.app */;
			productType = "com.apple.product-type.application";
		};
		B166E48520F763F900B373E7 /* Hello */ = {
			isa = PBXNativeTarget;
			buildConfigurationList = B166E48F20F763F900B373E7 /* Build configuration list for PBXNativeTarget "Hello" */;
			buildPhases = (
				B166E48120F763F900B373E7 /* Headers */,
				B166E48220F763F900B373E7 /* Sources */,
				B166E48320F763F900B373E7 /* Frameworks */,
				B166E48420F763F900B373E7 /* Resources */,
			);
			buildRules = (
			);
			dependencies = (
			);
			name = Hello;
			productName = Hello;
			productReference = B166E48620F763F900B373E7 /* Hello.framework */;
			productType = "com.apple.product-type.framework";
		};
		B166E49720F7641200B373E7 /* World */ = {
			isa = PBXNativeTarget;
			buildConfigurationList = B166E4A120F7641200B373E7 /* Build configuration list for PBXNativeTarget "World" */;
			buildPhases = (
				B166E49320F7641200B373E7 /* Headers */,
				B166E49420F7641200B373E7 /* Sources */,
				B166E49520F7641200B373E7 /* Frameworks */,
				B166E49620F7641200B373E7 /* Resources */,
			);
			buildRules = (
			);
			dependencies = (
				B166E4C220F7761100B373E7 /* PBXTargetDependency */,
			);
			name = World;
			productName = World;
			productReference = B166E49820F7641200B373E7 /* World.framework */;
			productType = "com.apple.product-type.framework";
		};
		B166E4B020F774C000B373E7 /* ThirdPath */ = {
			isa = PBXNativeTarget;
			buildConfigurationList = B166E4BA20F774C100B373E7 /* Build configuration list for PBXNativeTarget "ThirdPath" */;
			buildPhases = (
				B166E4AC20F774C000B373E7 /* Headers */,
				B166E4AD20F774C000B373E7 /* Sources */,
				B166E4AE20F774C000B373E7 /* Frameworks */,
				B166E4AF20F774C000B373E7 /* Resources */,
			);
			buildRules = (
			);
			dependencies = (
			);
			name = ThirdPath;
			productName = ThirdPath;
			productReference = B166E4B120F774C000B373E7 /* ThirdPath.framework */;
			productType = "com.apple.product-type.framework";
		};
/* End PBXNativeTarget section */

/* Begin PBXProject section */
		B166E46020F763D700B373E7 /* Project object */ = {
			isa = PBXProject;
			attributes = {
				LastUpgradeCheck = 1000;
				ORGANIZATIONNAME = Snow.y.wu;
				TargetAttributes = {
					B166E46720F763D700B373E7 = {
						CreatedOnToolsVersion = 10.0;
					};
					B166E48520F763F900B373E7 = {
						CreatedOnToolsVersion = 10.0;
					};
					B166E49720F7641200B373E7 = {
						CreatedOnToolsVersion = 10.0;
					};
					B166E4B020F774C000B373E7 = {
						CreatedOnToolsVersion = 10.0;
					};
				};
			};
			buildConfigurationList = B166E46320F763D700B373E7 /* Build configuration list for PBXProject "bas" */;
			compatibilityVersion = "Xcode 9.3";
			developmentRegion = en;
			hasScannedForEncodings = 0;
			knownRegions = (
				en,
				Base,
			);
			mainGroup = B166E45F20F763D700B373E7;
			productRefGroup = B166E46920F763D700B373E7 /* Products */;
			projectDirPath = "";
			projectRoot = "";
			targets = (
				B166E46720F763D700B373E7 /* bas */,
				B166E48520F763F900B373E7 /* Hello */,
				B166E49720F7641200B373E7 /* World */,
				B166E4B020F774C000B373E7 /* ThirdPath */,
			);
		};
/* End PBXProject section */

/* Begin PBXResourcesBuildPhase section */
		B166E46620F763D700B373E7 /* Resources */ = {
			isa = PBXResourcesBuildPhase;
			buildActionMask = 2147483647;
			files = (
				B166E47820F763D900B373E7 /* LaunchScreen.storyboard in Resources */,
				B166E47520F763D900B373E7 /* Assets.xcassets in Resources */,
				B166E47320F763D700B373E7 /* Main.storyboard in Resources */,
			);
			runOnlyForDeploymentPostprocessing = 0;
		};
		B166E48420F763F900B373E7 /* Resources */ = {
			isa = PBXResourcesBuildPhase;
			buildActionMask = 2147483647;
			files = (
			);
			runOnlyForDeploymentPostprocessing = 0;
		};
		B166E49620F7641200B373E7 /* Resources */ = {
			isa = PBXResourcesBuildPhase;
			buildActionMask = 2147483647;
			files = (
			);
			runOnlyForDeploymentPostprocessing = 0;
		};
		B166E4AF20F774C000B373E7 /* Resources */ = {
			isa = PBXResourcesBuildPhase;
			buildActionMask = 2147483647;
			files = (
			);
			runOnlyForDeploymentPostprocessing = 0;
		};
/* End PBXResourcesBuildPhase section */

/* Begin PBXSourcesBuildPhase section */
		B166E46420F763D700B373E7 /* Sources */ = {
			isa = PBXSourcesBuildPhase;
			buildActionMask = 2147483647;
			files = (
				B166E47020F763D700B373E7 /* ViewController.m in Sources */,
				B166E47B20F763D900B373E7 /* main.m in Sources */,
				B166E46D20F763D700B373E7 /* AppDelegate.m in Sources */,
			);
			runOnlyForDeploymentPostprocessing = 0;
		};
		B166E48220F763F900B373E7 /* Sources */ = {
			isa = PBXSourcesBuildPhase;
			buildActionMask = 2147483647;
			files = (
				B166E4A720F7643100B373E7 /* HelloObjC.m in Sources */,
			);
			runOnlyForDeploymentPostprocessing = 0;
		};
		B166E49420F7641200B373E7 /* Sources */ = {
			isa = PBXSourcesBuildPhase;
			buildActionMask = 2147483647;
			files = (
				B166E4CC20F7787000B373E7 /* BoxTow.m in Sources */,
				B166E4AB20F7643D00B373E7 /* WorldObjc.m in Sources */,
				B166E4C820F7769600B373E7 /* Box.m in Sources */,
			);
			runOnlyForDeploymentPostprocessing = 0;
		};
		B166E4AD20F774C000B373E7 /* Sources */ = {
			isa = PBXSourcesBuildPhase;
			buildActionMask = 2147483647;
			files = (
				B166E4C020F775FA00B373E7 /* Box.m in Sources */,
			);
			runOnlyForDeploymentPostprocessing = 0;
		};
/* End PBXSourcesBuildPhase section */

/* Begin PBXTargetDependency section */
		B166E48C20F763F900B373E7 /* PBXTargetDependency */ = {
			isa = PBXTargetDependency;
			target = B166E48520F763F900B373E7 /* Hello */;
			targetProxy = B166E48B20F763F900B373E7 /* PBXContainerItemProxy */;
		};
		B166E49E20F7641200B373E7 /* PBXTargetDependency */ = {
			isa = PBXTargetDependency;
			target = B166E49720F7641200B373E7 /* World */;
			targetProxy = B166E49D20F7641200B373E7 /* PBXContainerItemProxy */;
		};
		B166E4C220F7761100B373E7 /* PBXTargetDependency */ = {
			isa = PBXTargetDependency;
			target = B166E4B020F774C000B373E7 /* ThirdPath */;
			targetProxy = B166E4C120F7761100B373E7 /* PBXContainerItemProxy */;
		};
/* End PBXTargetDependency section */

/* Begin PBXVariantGroup section */
		B166E47120F763D700B373E7 /* Main.storyboard */ = {
			isa = PBXVariantGroup;
			children = (
				B166E47220F763D700B373E7 /* Base */,
			);
			name = Main.storyboard;
			sourceTree = "<group>";
		};
		B166E47620F763D900B373E7 /* LaunchScreen.storyboard */ = {
			isa = PBXVariantGroup;
			children = (
				B166E47720F763D900B373E7 /* Base */,
			);
			name = LaunchScreen.storyboard;
			sourceTree = "<group>";
		};
/* End PBXVariantGroup section */

/* Begin XCBuildConfiguration section */
		B166E47C20F763D900B373E7 /* Debug */ = {
			isa = XCBuildConfiguration;
			buildSettings = {
				ALWAYS_SEARCH_USER_PATHS = NO;
				CLANG_ANALYZER_NONNULL = YES;
				CLANG_ANALYZER_NUMBER_OBJECT_CONVERSION = YES_AGGRESSIVE;
				CLANG_CXX_LANGUAGE_STANDARD = "gnu++14";
				CLANG_CXX_LIBRARY = "libc++";
				CLANG_ENABLE_MODULES = YES;
				CLANG_ENABLE_OBJC_ARC = YES;
				CLANG_ENABLE_OBJC_WEAK = YES;
				CLANG_WARN_BLOCK_CAPTURE_AUTORELEASING = YES;
				CLANG_WARN_BOOL_CONVERSION = YES;
				CLANG_WARN_COMMA = YES;
				CLANG_WARN_CONSTANT_CONVERSION = YES;
				CLANG_WARN_DEPRECATED_OBJC_IMPLEMENTATIONS = YES;
				CLANG_WARN_DIRECT_OBJC_ISA_USAGE = YES_ERROR;
				CLANG_WARN_DOCUMENTATION_COMMENTS = YES;
				CLANG_WARN_EMPTY_BODY = YES;
				CLANG_WARN_ENUM_CONVERSION = YES;
				CLANG_WARN_INFINITE_RECURSION = YES;
				CLANG_WARN_INT_CONVERSION = YES;
				CLANG_WARN_NON_LITERAL_NULL_CONVERSION = YES;
				CLANG_WARN_OBJC_IMPLICIT_RETAIN_SELF = YES;
				CLANG_WARN_OBJC_LITERAL_CONVERSION = YES;
				CLANG_WARN_OBJC_ROOT_CLASS = YES_ERROR;
				CLANG_WARN_RANGE_LOOP_ANALYSIS = YES;
				CLANG_WARN_STRICT_PROTOTYPES = YES;
				CLANG_WARN_SUSPICIOUS_MOVE = YES;
				CLANG_WARN_UNGUARDED_AVAILABILITY = YES_AGGRESSIVE;
				CLANG_WARN_UNREACHABLE_CODE = YES;
				CLANG_WARN__DUPLICATE_METHOD_MATCH = YES;
				CODE_SIGN_IDENTITY = "iPhone Developer";
				COPY_PHASE_STRIP = NO;
				DEBUG_INFORMATION_FORMAT = dwarf;
				ENABLE_STRICT_OBJC_MSGSEND = YES;
				ENABLE_TESTABILITY = YES;
				GCC_C_LANGUAGE_STANDARD = gnu11;
				GCC_DYNAMIC_NO_PIC = NO;
				GCC_NO_COMMON_BLOCKS = YES;
				GCC_OPTIMIZATION_LEVEL = 0;
				GCC_PREPROCESSOR_DEFINITIONS = (
					"DEBUG=1",
					"$(inherited)",
				);
				GCC_WARN_64_TO_32_BIT_CONVERSION = YES;
				GCC_WARN_ABOUT_RETURN_TYPE = YES_ERROR;
				GCC_WARN_UNDECLARED_SELECTOR = YES;
				GCC_WARN_UNINITIALIZED_AUTOS = YES_AGGRESSIVE;
				GCC_WARN_UNUSED_FUNCTION = YES;
				GCC_WARN_UNUSED_VARIABLE = YES;
				IPHONEOS_DEPLOYMENT_TARGET = 12.0;
				MTL_ENABLE_DEBUG_INFO = INCLUDE_SOURCE;
				MTL_FAST_MATH = YES;
				ONLY_ACTIVE_ARCH = YES;
				SDKROOT = iphoneos;
			};
			name = Debug;
		};
		B166E47D20F763D900B373E7 /* Release */ = {
			isa = XCBuildConfiguration;
			buildSettings = {
				ALWAYS_SEARCH_USER_PATHS = NO;
				CLANG_ANALYZER_NONNULL = YES;
				CLANG_ANALYZER_NUMBER_OBJECT_CONVERSION = YES_AGGRESSIVE;
				CLANG_CXX_LANGUAGE_STANDARD = "gnu++14";
				CLANG_CXX_LIBRARY = "libc++";
				CLANG_ENABLE_MODULES = YES;
				CLANG_ENABLE_OBJC_ARC = YES;
				CLANG_ENABLE_OBJC_WEAK = YES;
				CLANG_WARN_BLOCK_CAPTURE_AUTORELEASING = YES;
				CLANG_WARN_BOOL_CONVERSION = YES;
				CLANG_WARN_COMMA = YES;
				CLANG_WARN_CONSTANT_CONVERSION = YES;
				CLANG_WARN_DEPRECATED_OBJC_IMPLEMENTATIONS = YES;
				CLANG_WARN_DIRECT_OBJC_ISA_USAGE = YES_ERROR;
				CLANG_WARN_DOCUMENTATION_COMMENTS = YES;
				CLANG_WARN_EMPTY_BODY = YES;
				CLANG_WARN_ENUM_CONVERSION = YES;
				CLANG_WARN_INFINITE_RECURSION = YES;
				CLANG_WARN_INT_CONVERSION = YES;
				CLANG_WARN_NON_LITERAL_NULL_CONVERSION = YES;
				CLANG_WARN_OBJC_IMPLICIT_RETAIN_SELF = YES;
				CLANG_WARN_OBJC_LITERAL_CONVERSION = YES;
				CLANG_WARN_OBJC_ROOT_CLASS = YES_ERROR;
				CLANG_WARN_RANGE_LOOP_ANALYSIS = YES;
				CLANG_WARN_STRICT_PROTOTYPES = YES;
				CLANG_WARN_SUSPICIOUS_MOVE = YES;
				CLANG_WARN_UNGUARDED_AVAILABILITY = YES_AGGRESSIVE;
				CLANG_WARN_UNREACHABLE_CODE = YES;
				CLANG_WARN__DUPLICATE_METHOD_MATCH = YES;
				CODE_SIGN_IDENTITY = "iPhone Developer";
				COPY_PHASE_STRIP = NO;
				DEBUG_INFORMATION_FORMAT = "dwarf-with-dsym";
				ENABLE_NS_ASSERTIONS = NO;
				ENABLE_STRICT_OBJC_MSGSEND = YES;
				GCC_C_LANGUAGE_STANDARD = gnu11;
				GCC_NO_COMMON_BLOCKS = YES;
				GCC_WARN_64_TO_32_BIT_CONVERSION = YES;
				GCC_WARN_ABOUT_RETURN_TYPE = YES_ERROR;
				GCC_WARN_UNDECLARED_SELECTOR = YES;
				GCC_WARN_UNINITIALIZED_AUTOS = YES_AGGRESSIVE;
				GCC_WARN_UNUSED_FUNCTION = YES;
				GCC_WARN_UNUSED_VARIABLE = YES;
				IPHONEOS_DEPLOYMENT_TARGET = 12.0;
				MTL_ENABLE_DEBUG_INFO = NO;
				MTL_FAST_MATH = YES;
				SDKROOT = iphoneos;
				VALIDATE_PRODUCT = YES;
			};
			name = Release;
		};
		B166E47F20F763D900B373E7 /* Debug */ = {
			isa = XCBuildConfiguration;
			buildSettings = {
				ASSETCATALOG_COMPILER_APPICON_NAME = AppIcon;
				CODE_SIGN_STYLE = Automatic;
				DEVELOPMENT_TEAM = 46H4JB8JL7;
				INFOPLIST_FILE = bas/Info.plist;
				LD_RUNPATH_SEARCH_PATHS = (
					"$(inherited)",
					"@executable_path/Frameworks",
				);
				PRODUCT_BUNDLE_IDENTIFIER = RBBTSN0W.bas;
				PRODUCT_NAME = "$(TARGET_NAME)";
				TARGETED_DEVICE_FAMILY = "1,2";
			};
			name = Debug;
		};
		B166E48020F763D900B373E7 /* Release */ = {
			isa = XCBuildConfiguration;
			buildSettings = {
				ASSETCATALOG_COMPILER_APPICON_NAME = AppIcon;
				CODE_SIGN_STYLE = Automatic;
				DEVELOPMENT_TEAM = 46H4JB8JL7;
				INFOPLIST_FILE = bas/Info.plist;
				LD_RUNPATH_SEARCH_PATHS = (
					"$(inherited)",
					"@executable_path/Frameworks",
				);
				PRODUCT_BUNDLE_IDENTIFIER = RBBTSN0W.bas;
				PRODUCT_NAME = "$(TARGET_NAME)";
				TARGETED_DEVICE_FAMILY = "1,2";
			};
			name = Release;
		};
		B166E49020F763F900B373E7 /* Debug */ = {
			isa = XCBuildConfiguration;
			buildSettings = {
				CODE_SIGN_IDENTITY = "";
				CODE_SIGN_STYLE = Automatic;
				CURRENT_PROJECT_VERSION = 1;
				DEFINES_MODULE = YES;
				DEVELOPMENT_TEAM = 46H4JB8JL7;
				DYLIB_COMPATIBILITY_VERSION = 1;
				DYLIB_CURRENT_VERSION = 1;
				DYLIB_INSTALL_NAME_BASE = "@rpath";
				INFOPLIST_FILE = Hello/Info.plist;
				INSTALL_PATH = "$(LOCAL_LIBRARY_DIR)/Frameworks";
				LD_RUNPATH_SEARCH_PATHS = (
					"$(inherited)",
					"@executable_path/Frameworks",
					"@loader_path/Frameworks",
				);
				PRODUCT_BUNDLE_IDENTIFIER = RBBTSN0W.Hello;
				PRODUCT_NAME = "$(TARGET_NAME:c99extidentifier)";
				SKIP_INSTALL = YES;
				TARGETED_DEVICE_FAMILY = "1,2";
				VERSIONING_SYSTEM = "apple-generic";
				VERSION_INFO_PREFIX = "";
			};
			name = Debug;
		};
		B166E49120F763F900B373E7 /* Release */ = {
			isa = XCBuildConfiguration;
			buildSettings = {
				CODE_SIGN_IDENTITY = "";
				CODE_SIGN_STYLE = Automatic;
				CURRENT_PROJECT_VERSION = 1;
				DEFINES_MODULE = YES;
				DEVELOPMENT_TEAM = 46H4JB8JL7;
				DYLIB_COMPATIBILITY_VERSION = 1;
				DYLIB_CURRENT_VERSION = 1;
				DYLIB_INSTALL_NAME_BASE = "@rpath";
				INFOPLIST_FILE = Hello/Info.plist;
				INSTALL_PATH = "$(LOCAL_LIBRARY_DIR)/Frameworks";
				LD_RUNPATH_SEARCH_PATHS = (
					"$(inherited)",
					"@executable_path/Frameworks",
					"@loader_path/Frameworks",
				);
				PRODUCT_BUNDLE_IDENTIFIER = RBBTSN0W.Hello;
				PRODUCT_NAME = "$(TARGET_NAME:c99extidentifier)";
				SKIP_INSTALL = YES;
				TARGETED_DEVICE_FAMILY = "1,2";
				VERSIONING_SYSTEM = "apple-generic";
				VERSION_INFO_PREFIX = "";
			};
			name = Release;
		};
		B166E4A220F7641200B373E7 /* Debug */ = {
			isa = XCBuildConfiguration;
			buildSettings = {
				CODE_SIGN_IDENTITY = "";
				CODE_SIGN_STYLE = Automatic;
				CURRENT_PROJECT_VERSION = 1;
				DEFINES_MODULE = YES;
				DEVELOPMENT_TEAM = 46H4JB8JL7;
				DYLIB_COMPATIBILITY_VERSION = 1;
				DYLIB_CURRENT_VERSION = 1;
				DYLIB_INSTALL_NAME_BASE = "@rpath";
				INFOPLIST_FILE = World/Info.plist;
				INSTALL_PATH = "$(LOCAL_LIBRARY_DIR)/Frameworks";
				LD_RUNPATH_SEARCH_PATHS = (
					"$(inherited)",
					"@executable_path/Frameworks",
					"@loader_path/Frameworks",
				);
				PRODUCT_BUNDLE_IDENTIFIER = RBBTSN0W.World;
				PRODUCT_NAME = "$(TARGET_NAME:c99extidentifier)";
				SKIP_INSTALL = YES;
				TARGETED_DEVICE_FAMILY = "1,2";
				VERSIONING_SYSTEM = "apple-generic";
				VERSION_INFO_PREFIX = "";
			};
			name = Debug;
		};
		B166E4A320F7641200B373E7 /* Release */ = {
			isa = XCBuildConfiguration;
			buildSettings = {
				CODE_SIGN_IDENTITY = "";
				CODE_SIGN_STYLE = Automatic;
				CURRENT_PROJECT_VERSION = 1;
				DEFINES_MODULE = YES;
				DEVELOPMENT_TEAM = 46H4JB8JL7;
				DYLIB_COMPATIBILITY_VERSION = 1;
				DYLIB_CURRENT_VERSION = 1;
				DYLIB_INSTALL_NAME_BASE = "@rpath";
				INFOPLIST_FILE = World/Info.plist;
				INSTALL_PATH = "$(LOCAL_LIBRARY_DIR)/Frameworks";
				LD_RUNPATH_SEARCH_PATHS = (
					"$(inherited)",
					"@executable_path/Frameworks",
					"@loader_path/Frameworks",
				);
				PRODUCT_BUNDLE_IDENTIFIER = RBBTSN0W.World;
				PRODUCT_NAME = "$(TARGET_NAME:c99extidentifier)";
				SKIP_INSTALL = YES;
				TARGETED_DEVICE_FAMILY = "1,2";
				VERSIONING_SYSTEM = "apple-generic";
				VERSION_INFO_PREFIX = "";
			};
			name = Release;
		};
		B166E4BB20F774C100B373E7 /* Debug */ = {
			isa = XCBuildConfiguration;
			buildSettings = {
				CODE_SIGN_IDENTITY = "";
				CODE_SIGN_STYLE = Automatic;
				CURRENT_PROJECT_VERSION = 1;
				DEFINES_MODULE = YES;
				DEVELOPMENT_TEAM = 46H4JB8JL7;
				DYLIB_COMPATIBILITY_VERSION = 1;
				DYLIB_CURRENT_VERSION = 1;
				DYLIB_INSTALL_NAME_BASE = "@rpath";
				INFOPLIST_FILE = ThirdPath/Info.plist;
				INSTALL_PATH = "$(LOCAL_LIBRARY_DIR)/Frameworks";
				LD_RUNPATH_SEARCH_PATHS = (
					"$(inherited)",
					"@executable_path/Frameworks",
					"@loader_path/Frameworks",
				);
				PRODUCT_BUNDLE_IDENTIFIER = RBBTSN0W.ThirdPath;
				PRODUCT_NAME = "$(TARGET_NAME:c99extidentifier)";
				SKIP_INSTALL = YES;
				TARGETED_DEVICE_FAMILY = "1,2";
				VERSIONING_SYSTEM = "apple-generic";
				VERSION_INFO_PREFIX = "";
			};
			name = Debug;
		};
		B166E4BC20F774C100B373E7 /* Release */ = {
			isa = XCBuildConfiguration;
			buildSettings = {
				CODE_SIGN_IDENTITY = "";
				CODE_SIGN_STYLE = Automatic;
				CURRENT_PROJECT_VERSION = 1;
				DEFINES_MODULE = YES;
				DEVELOPMENT_TEAM = 46H4JB8JL7;
				DYLIB_COMPATIBILITY_VERSION = 1;
				DYLIB_CURRENT_VERSION = 1;
				DYLIB_INSTALL_NAME_BASE = "@rpath";
				INFOPLIST_FILE = ThirdPath/Info.plist;
				INSTALL_PATH = "$(LOCAL_LIBRARY_DIR)/Frameworks";
				LD_RUNPATH_SEARCH_PATHS = (
					"$(inherited)",
					"@executable_path/Frameworks",
					"@loader_path/Frameworks",
				);
				PRODUCT_BUNDLE_IDENTIFIER = RBBTSN0W.ThirdPath;
				PRODUCT_NAME = "$(TARGET_NAME:c99extidentifier)";
				SKIP_INSTALL = YES;
				TARGETED_DEVICE_FAMILY = "1,2";
				VERSIONING_SYSTEM = "apple-generic";
				VERSION_INFO_PREFIX = "";
			};
			name = Release;
		};
/* End XCBuildConfiguration section */

/* Begin XCConfigurationList section */
		B166E46320F763D700B373E7 /* Build configuration list for PBXProject "bas" */ = {
			isa = XCConfigurationList;
			buildConfigurations = (
				B166E47C20F763D900B373E7 /* Debug */,
				B166E47D20F763D900B373E7 /* Release */,
			);
			defaultConfigurationIsVisible = 0;
			defaultConfigurationName = Release;
		};
		B166E47E20F763D900B373E7 /* Build configuration list for PBXNativeTarget "bas" */ = {
			isa = XCConfigurationList;
			buildConfigurations = (
				B166E47F20F763D900B373E7 /* Debug */,
				B166E48020F763D900B373E7 /* Release */,
			);
			defaultConfigurationIsVisible = 0;
			defaultConfigurationName = Release;
		};
		B166E48F20F763F900B373E7 /* Build configuration list for PBXNativeTarget "Hello" */ = {
			isa = XCConfigurationList;
			buildConfigurations = (
				B166E49020F763F900B373E7 /* Debug */,
				B166E49120F763F900B373E7 /* Release */,
			);
			defaultConfigurationIsVisible = 0;
			defaultConfigurationName = Release;
		};
		B166E4A120F7641200B373E7 /* Build configuration list for PBXNativeTarget "World" */ = {
			isa = XCConfigurationList;
			buildConfigurations = (
				B166E4A220F7641200B373E7 /* Debug */,
				B166E4A320F7641200B373E7 /* Release */,
			);
			defaultConfigurationIsVisible = 0;
			defaultConfigurationName = Release;
		};
		B166E4BA20F774C100B373E7 /* Build configuration list for PBXNativeTarget "ThirdPath" */ = {
			isa = XCConfigurationList;
			buildConfigurations = (
				B166E4BB20F774C100B373E7 /* Debug */,
				B166E4BC20F774C100B373E7 /* Release */,
			);
			defaultConfigurationIsVisible = 0;
			defaultConfigurationName = Release;
		};
/* End XCConfigurationList section */
	};
	rootObject = B166E46020F763D700B373E7 /* Project object */;
}
